
Microsoft Visual Studio Solution File, Format Version 12.00
# Visual Studio 2012
Project("{FAE04EC0-301F-11D3-BF4B-00C04F79EFBC}") = "Test", "Test.csproj", "{7C02A17D-1EE0-4D70-95D6-7CF8F5043901}"
EndProject
Project("{FAE04EC0-301F-11D3-BF4B-00C04F79EFBC}") = "TestAndroid", "TestAndroid\TestAndroid.csproj", "{6D3B6FE8-DCD5-41FA-BF45-1C1FF171A116}"
EndProject
Global
	GlobalSection(SolutionConfigurationPlatforms) = preSolution
		Debug|iPhoneSimulator = Debug|iPhoneSimulator
		Release|iPhone = Release|iPhone
		Release|iPhoneSimulator = Release|iPhoneSimulator
		Debug|iPhone = Debug|iPhone
	EndGlobalSection
	GlobalSection(ProjectConfigurationPlatforms) = postSolution
		{7C02A17D-1EE0-4D70-95D6-7CF8F5043901}.Debug|iPhoneSimulator.ActiveCfg = Debug|iPhoneSimulator
		{7C02A17D-1EE0-4D70-95D6-7CF8F5043901}.Debug|iPhoneSimulator.Build.0 = Debug|iPhoneSimulator
		{7C02A17D-1EE0-4D70-95D6-7CF8F5043901}.Release|iPhone.ActiveCfg = Release|iPhone
		{7C02A17D-1EE0-4D70-95D6-7CF8F5043901}.Release|iPhone.Build.0 = Release|iPhone
		{7C02A17D-1EE0-4D70-95D6-7CF8F5043901}.Release|iPhoneSimulator.ActiveCfg = Release|iPhoneSimulator
		{7C02A17D-1EE0-4D70-95D6-7CF8F5043901}.Release|iPhoneSimulator.Build.0 = Release|iPhoneSimulator
		{7C02A17D-1EE0-4D70-95D6-7CF8F5043901}.Debug|iPhone.ActiveCfg = Debug|iPhone
		{7C02A17D-1EE0-4D70-95D6-7CF8F5043901}.Debug|iPhone.Build.0 = Debug|iPhone
		{6D3B6FE8-DCD5-41FA-BF45-1C1FF171A116}.Debug|iPhoneSimulator.ActiveCfg = Debug|Any CPU
		{6D3B6FE8-DCD5-41FA-BF45-1C1FF171A116}.Debug|iPhoneSimulator.Build.0 = Debug|Any CPU
		{6D3B6FE8-DCD5-41FA-BF45-1C1FF171A116}.Release|iPhone.ActiveCfg = Release|Any CPU
		{6D3B6FE8-DCD5-41FA-BF45-1C1FF171A116}.Release|iPhone.Build.0 = Release|Any CPU
		{6D3B6FE8-DCD5-41FA-BF45-1C1FF171A116}.Release|iPhoneSimulator.ActiveCfg = Release|Any CPU
		{6D3B6FE8-DCD5-41FA-BF45-1C1FF171A116}.Release|iPhoneSimulator.Build.0 = Release|Any CPU
		{6D3B6FE8-DCD5-41FA-BF45-1C1FF171A116}.Debug|iPhone.ActiveCfg = Debug|Any CPU
		{6D3B6FE8-DCD5-41FA-BF45-1C1FF171A116}.Debug|iPhone.Build.0 = Debug|Any CPU
	EndGlobalSection
EndGlobal
